
Microsoft Visual Studio Solution File, Format Version 12.00
Project("{FAE04EC0-301F-11D3-BF4B-00C04F79EFBC}") = "Host", "Host\Host.csproj", "{AAF3D8B2-7B22-40EB-A157-B7E0A2A6935F}"
EndProject
Project("{FAE04EC0-301F-11D3-BF4B-00C04F79EFBC}") = "Clients", "Clients\Clients.csproj", "{5C1D4FCB-8EB2-404B-A851-7B72A8A5B419}"
EndProject
Project("{2150E333-8FDC-42A3-9474-1A3956D46DE8}") = "Tools", "Tools", "{362611A6-F438-43E7-9D12-6F91D85B96A8}"
EndProject
Project("{FAE04EC0-301F-11D3-BF4B-00C04F79EFBC}") = "Dbinit", "Dbinit\Dbinit.csproj", "{C76E6CFF-0DC7-430C-8F66-7A2EAA7712A5}"
EndProject
Project("{FAE04EC0-301F-11D3-BF4B-00C04F79EFBC}") = "Host.Tests", "Host.Tests\Host.Tests.csproj", "{44C3C680-09EE-4B8F-B9D4-423E4E8B165A}"
EndProject
Project("{FAE04EC0-301F-11D3-BF4B-00C04F79EFBC}") = "Emails", "Emails\Emails.csproj", "{2569E755-A7AF-4A74-A8E7-4C108E6A24D4}"
EndProject
Global
	GlobalSection(SolutionConfigurationPlatforms) = preSolution
		Debug|Any CPU = Debug|Any CPU
		Release|Any CPU = Release|Any CPU
	EndGlobalSection
	GlobalSection(ProjectConfigurationPlatforms) = postSolution
		{AAF3D8B2-7B22-40EB-A157-B7E0A2A6935F}.Debug|Any CPU.ActiveCfg = Debug|Any CPU
		{AAF3D8B2-7B22-40EB-A157-B7E0A2A6935F}.Debug|Any CPU.Build.0 = Debug|Any CPU
		{AAF3D8B2-7B22-40EB-A157-B7E0A2A6935F}.Release|Any CPU.ActiveCfg = Release|Any CPU
		{AAF3D8B2-7B22-40EB-A157-B7E0A2A6935F}.Release|Any CPU.Build.0 = Release|Any CPU
		{5C1D4FCB-8EB2-404B-A851-7B72A8A5B419}.Debug|Any CPU.ActiveCfg = Debug|Any CPU
		{5C1D4FCB-8EB2-404B-A851-7B72A8A5B419}.Debug|Any CPU.Build.0 = Debug|Any CPU
		{5C1D4FCB-8EB2-404B-A851-7B72A8A5B419}.Release|Any CPU.ActiveCfg = Release|Any CPU
		{5C1D4FCB-8EB2-404B-A851-7B72A8A5B419}.Release|Any CPU.Build.0 = Release|Any CPU
		{C76E6CFF-0DC7-430C-8F66-7A2EAA7712A5}.Debug|Any CPU.ActiveCfg = Debug|Any CPU
		{C76E6CFF-0DC7-430C-8F66-7A2EAA7712A5}.Debug|Any CPU.Build.0 = Debug|Any CPU
		{C76E6CFF-0DC7-430C-8F66-7A2EAA7712A5}.Release|Any CPU.ActiveCfg = Release|Any CPU
		{C76E6CFF-0DC7-430C-8F66-7A2EAA7712A5}.Release|Any CPU.Build.0 = Release|Any CPU
		{44C3C680-09EE-4B8F-B9D4-423E4E8B165A}.Debug|Any CPU.ActiveCfg = Debug|Any CPU
		{44C3C680-09EE-4B8F-B9D4-423E4E8B165A}.Debug|Any CPU.Build.0 = Debug|Any CPU
		{44C3C680-09EE-4B8F-B9D4-423E4E8B165A}.Release|Any CPU.ActiveCfg = Release|Any CPU
		{44C3C680-09EE-4B8F-B9D4-423E4E8B165A}.Release|Any CPU.Build.0 = Release|Any CPU
		{2569E755-A7AF-4A74-A8E7-4C108E6A24D4}.Debug|Any CPU.ActiveCfg = Debug|Any CPU
		{2569E755-A7AF-4A74-A8E7-4C108E6A24D4}.Debug|Any CPU.Build.0 = Debug|Any CPU
		{2569E755-A7AF-4A74-A8E7-4C108E6A24D4}.Release|Any CPU.ActiveCfg = Release|Any CPU
		{2569E755-A7AF-4A74-A8E7-4C108E6A24D4}.Release|Any CPU.Build.0 = Release|Any CPU
	EndGlobalSection
	GlobalSection(NestedProjects) = preSolution
		{C76E6CFF-0DC7-430C-8F66-7A2EAA7712A5} = {362611A6-F438-43E7-9D12-6F91D85B96A8}
	EndGlobalSection
EndGlobal
